Microsoft Visual Studio Solution File, Format Version 11.00
# Visual Studio 2008

Project("{5ABF23F7-4B2F-FA1A-8D36-6CD1D1CC4B81}") = "CSC404", "Assembly-CSharp-firstpass.csproj", "{3C6F0F2E-32FA-BFA2-2F9E-B93CD16D42A9}"
EndProject
Project("{5ABF23F7-4B2F-FA1A-8D36-6CD1D1CC4B81}") = "CSC404", "Assembly-CSharp.csproj", "{97AD1DE8-AE66-F961-F62F-536EF4C7DD76}"
EndProject
Project("{5ABF23F7-4B2F-FA1A-8D36-6CD1D1CC4B81}") = "CSC404", "Assembly-CSharp-Editor.csproj", "{FCB9A619-39F5-C293-114F-F99929FC10F5}"
EndProject
Project("{5ABF23F7-4B2F-FA1A-8D36-6CD1D1CC4B81}") = "CSC404", "Assembly-UnityScript-firstpass.unityproj", "{8F000265-52A0-3950-3354-6C586858580B}"
EndProject
Project("{5ABF23F7-4B2F-FA1A-8D36-6CD1D1CC4B81}") = "CSC404", "Assembly-UnityScript.unityproj", "{D5B0A62D-D678-F35B-3119-459CEA616BD4}"
EndProject
Global
	GlobalSection(SolutionConfigurationPlatforms) = preSolution
		Debug|Any CPU = Debug|Any CPU
		Release|Any CPU = Release|Any CPU
	EndGlobalSection
	GlobalSection(ProjectConfigurationPlatforms) = postSolution
		{3C6F0F2E-32FA-BFA2-2F9E-B93CD16D42A9}.Debug|Any CPU.ActiveCfg = Debug|Any CPU
		{3C6F0F2E-32FA-BFA2-2F9E-B93CD16D42A9}.Debug|Any CPU.Build.0 = Debug|Any CPU
		{3C6F0F2E-32FA-BFA2-2F9E-B93CD16D42A9}.Release|Any CPU.ActiveCfg = Release|Any CPU
		{3C6F0F2E-32FA-BFA2-2F9E-B93CD16D42A9}.Release|Any CPU.Build.0 = Release|Any CPU
		{97AD1DE8-AE66-F961-F62F-536EF4C7DD76}.Debug|Any CPU.ActiveCfg = Debug|Any CPU
		{97AD1DE8-AE66-F961-F62F-536EF4C7DD76}.Debug|Any CPU.Build.0 = Debug|Any CPU
		{97AD1DE8-AE66-F961-F62F-536EF4C7DD76}.Release|Any CPU.ActiveCfg = Release|Any CPU
		{97AD1DE8-AE66-F961-F62F-536EF4C7DD76}.Release|Any CPU.Build.0 = Release|Any CPU
		{FCB9A619-39F5-C293-114F-F99929FC10F5}.Debug|Any CPU.ActiveCfg = Debug|Any CPU
		{FCB9A619-39F5-C293-114F-F99929FC10F5}.Debug|Any CPU.Build.0 = Debug|Any CPU
		{FCB9A619-39F5-C293-114F-F99929FC10F5}.Release|Any CPU.ActiveCfg = Release|Any CPU
		{FCB9A619-39F5-C293-114F-F99929FC10F5}.Release|Any CPU.Build.0 = Release|Any CPU
		{8F000265-52A0-3950-3354-6C586858580B}.Debug|Any CPU.ActiveCfg = Debug|Any CPU
		{8F000265-52A0-3950-3354-6C586858580B}.Debug|Any CPU.Build.0 = Debug|Any CPU
		{8F000265-52A0-3950-3354-6C586858580B}.Release|Any CPU.ActiveCfg = Release|Any CPU
		{8F000265-52A0-3950-3354-6C586858580B}.Release|Any CPU.Build.0 = Release|Any CPU
		{D5B0A62D-D678-F35B-3119-459CEA616BD4}.Debug|Any CPU.ActiveCfg = Debug|Any CPU
		{D5B0A62D-D678-F35B-3119-459CEA616BD4}.Debug|Any CPU.Build.0 = Debug|Any CPU
		{D5B0A62D-D678-F35B-3119-459CEA616BD4}.Release|Any CPU.ActiveCfg = Release|Any CPU
		{D5B0A62D-D678-F35B-3119-459CEA616BD4}.Release|Any CPU.Build.0 = Release|Any CPU
	EndGlobalSection
	GlobalSection(SolutionProperties) = preSolution
		HideSolutionNode = FALSE
	EndGlobalSection
																																																																																																																																											GlobalSection(MonoDevelopProperties) = preSolution
=======
																																																																																																																						GlobalSection(MonoDevelopProperties) = preSolution
>>>>>>> origin/master
=======
																																																																																																																																							GlobalSection(MonoDevelopProperties) = preSolution
=======
																																																																																																																															GlobalSection(MonoDevelopProperties) = preSolution
>>>>>>> Stashed changes
=======
<<<<<<< HEAD
																																																																																																													GlobalSection(MonoDevelopProperties) = preSolution
=======
																																																																																																																			GlobalSection(MonoDevelopProperties) = preSolution
>>>>>>> master
>>>>>>> origin/master
>>>>>>> a99d2c0d8a30dd448a53c3a768bbc3e6ceba05b6
=======
																																																																																																			GlobalSection(MonoDevelopProperties) = preSolution
>>>>>>> master
=======
																																																																																							GlobalSection(MonoDevelopProperties) = preSolution
>>>>>>> Stashed changes
=======
																																																																												GlobalSection(MonoDevelopProperties) = preSolution
>>>>>>> Stashed changes
=======
																																																																								GlobalSection(MonoDevelopProperties) = preSolution
>>>>>>> master
=======
																																																																						GlobalSection(MonoDevelopProperties) = preSolution
>>>>>>> nick6
=======
																																																							GlobalSection(MonoDevelopProperties) = preSolution
>>>>>>> origin/master
=======
																																											GlobalSection(MonoDevelopProperties) = preSolution
>>>>>>> 4171f157558aca379363e8a86d69c7f9b3f7afa9
=======
															GlobalSection(MonoDevelopProperties) = preSolution
>>>>>>> 8b41c04959bce146b0b7f86d8ae7b7c8a2038abd
=======
													GlobalSection(MonoDevelopProperties) = preSolution
>>>>>>> 204679587a75bb6ae8323b35f9e54d16424c4652
		StartupItem = Assembly-CSharp.csproj
		Policies = $0
		$0.TextStylePolicy = $1
		$1.inheritsSet = null
		$1.scope = text/x-csharp
		$0.CSharpFormattingPolicy = $2
		$2.inheritsSet = Mono
		$2.inheritsScope = text/x-csharp
		$2.scope = text/x-csharp
		$0.TextStylePolicy = $3
		$3.FileWidth = 120
		$3.TabWidth = 4
		$3.EolMarker = Unix
		$3.inheritsSet = Mono
		$3.inheritsScope = text/plain
		$3.scope = text/plain
	EndGlobalSection

EndGlobal
